
Microsoft Visual Studio Solution File, Format Version 12.00
# Visual Studio 15
VisualStudioVersion = 15.0.27130.2024
MinimumVisualStudioVersion = 10.0.40219.1
Project("{2150E333-8FDC-42A3-9474-1A3956D46DE8}") = "src", "src", "{33D84197-BC15-4DE8-B25E-C45219683325}"
EndProject
Project("{2150E333-8FDC-42A3-9474-1A3956D46DE8}") = "test", "test", "{1A282A68-1CC5-4578-82B7-6FA94C1D1408}"
EndProject
Project("{2150E333-8FDC-42A3-9474-1A3956D46DE8}") = "examples", "examples", "{44DED0C0-7812-4744-86A9-C525EAF77EFE}"
EndProject
Project("{9A19103F-16F7-4668-BE54-9A1E7A4F7556}") = "Basic", "examples\Basic\Basic.csproj", "{F40D3956-EC7D-4EB9-AE4F-F36AE48C933D}"
EndProject
Project("{2150E333-8FDC-42A3-9474-1A3956D46DE8}") = "Solution Items", "Solution Items", "{DB8F5927-7AA8-40C0-99C2-126C25EC5AE8}"
	ProjectSection(SolutionItems) = preProject
		build.cake = build.cake
		README.md = README.md
	EndProjectSection
EndProject
Project("{9A19103F-16F7-4668-BE54-9A1E7A4F7556}") = "OpenSwagger.Readers.AspNetCore", "src\OpenSwagger.Readers.AspNetCore\OpenSwagger.Readers.AspNetCore.csproj", "{23F15EAA-6584-4A87-8CDA-ECA7FDB60E79}"
EndProject
Project("{9A19103F-16F7-4668-BE54-9A1E7A4F7556}") = "OpenSwagger.Readers.AspNetCore.Tests", "test\OpenSwagger.Readers.AspNetCore.Tests\OpenSwagger.Readers.AspNetCore.Tests.csproj", "{0D13F790-80DC-4218-ABFA-00EA068E9222}"
EndProject
Global
	GlobalSection(SolutionConfigurationPlatforms) = preSolution
		Debug|Any CPU = Debug|Any CPU
		Release|Any CPU = Release|Any CPU
	EndGlobalSection
	GlobalSection(ProjectConfigurationPlatforms) = postSolution
		{F40D3956-EC7D-4EB9-AE4F-F36AE48C933D}.Debug|Any CPU.ActiveCfg = Debug|Any CPU
		{F40D3956-EC7D-4EB9-AE4F-F36AE48C933D}.Debug|Any CPU.Build.0 = Debug|Any CPU
		{F40D3956-EC7D-4EB9-AE4F-F36AE48C933D}.Release|Any CPU.ActiveCfg = Release|Any CPU
		{F40D3956-EC7D-4EB9-AE4F-F36AE48C933D}.Release|Any CPU.Build.0 = Release|Any CPU
		{23F15EAA-6584-4A87-8CDA-ECA7FDB60E79}.Debug|Any CPU.ActiveCfg = Debug|Any CPU
		{23F15EAA-6584-4A87-8CDA-ECA7FDB60E79}.Debug|Any CPU.Build.0 = Debug|Any CPU
		{23F15EAA-6584-4A87-8CDA-ECA7FDB60E79}.Release|Any CPU.ActiveCfg = Release|Any CPU
		{23F15EAA-6584-4A87-8CDA-ECA7FDB60E79}.Release|Any CPU.Build.0 = Release|Any CPU
		{0D13F790-80DC-4218-ABFA-00EA068E9222}.Debug|Any CPU.ActiveCfg = Debug|Any CPU
		{0D13F790-80DC-4218-ABFA-00EA068E9222}.Debug|Any CPU.Build.0 = Debug|Any CPU
		{0D13F790-80DC-4218-ABFA-00EA068E9222}.Release|Any CPU.ActiveCfg = Release|Any CPU
		{0D13F790-80DC-4218-ABFA-00EA068E9222}.Release|Any CPU.Build.0 = Release|Any CPU
	EndGlobalSection
	GlobalSection(SolutionProperties) = preSolution
		HideSolutionNode = FALSE
	EndGlobalSection
	GlobalSection(NestedProjects) = preSolution
		{F40D3956-EC7D-4EB9-AE4F-F36AE48C933D} = {44DED0C0-7812-4744-86A9-C525EAF77EFE}
		{23F15EAA-6584-4A87-8CDA-ECA7FDB60E79} = {33D84197-BC15-4DE8-B25E-C45219683325}
		{0D13F790-80DC-4218-ABFA-00EA068E9222} = {1A282A68-1CC5-4578-82B7-6FA94C1D1408}
	EndGlobalSection
	GlobalSection(ExtensibilityGlobals) = postSolution
		SolutionGuid = {E96850B6-64E6-4608-9588-0F5C17EAC370}
	EndGlobalSection
EndGlobal
